
Microsoft Visual Studio Solution File, Format Version 12.00
# Visual Studio Version 17
VisualStudioVersion = 17.5.33516.290
MinimumVisualStudioVersion = 10.0.40219.1
Project("{FAE04EC0-301F-11D3-BF4B-00C04F79EFBC}") = "JobDistributionWebService", "JobDistributionWebService.csproj", "{BD3F0EE3-FC30-48BB-9F88-122355865C1D}"
EndProject
Project("{FAE04EC0-301F-11D3-BF4B-00C04F79EFBC}") = "JobDistribution.Test", "JobDistribution.Test\JobDistribution.Test.csproj", "{5D62C1BA-F790-4ABB-A109-6705CCD94992}"
EndProject
Global
	GlobalSection(SolutionConfigurationPlatforms) = preSolution
		Debug|Any CPU = Debug|Any CPU
		Release|Any CPU = Release|Any CPU
	EndGlobalSection
	GlobalSection(ProjectConfigurationPlatforms) = postSolution
		{BD3F0EE3-FC30-48BB-9F88-122355865C1D}.Debug|Any CPU.ActiveCfg = Debug|Any CPU
		{BD3F0EE3-FC30-48BB-9F88-122355865C1D}.Debug|Any CPU.Build.0 = Debug|Any CPU
		{BD3F0EE3-FC30-48BB-9F88-122355865C1D}.Release|Any CPU.ActiveCfg = Release|Any CPU
		{BD3F0EE3-FC30-48BB-9F88-122355865C1D}.Release|Any CPU.Build.0 = Release|Any CPU
		{5D62C1BA-F790-4ABB-A109-6705CCD94992}.Debug|Any CPU.ActiveCfg = Debug|Any CPU
		{5D62C1BA-F790-4ABB-A109-6705CCD94992}.Debug|Any CPU.Build.0 = Debug|Any CPU
		{5D62C1BA-F790-4ABB-A109-6705CCD94992}.Release|Any CPU.ActiveCfg = Release|Any CPU
		{5D62C1BA-F790-4ABB-A109-6705CCD94992}.Release|Any CPU.Build.0 = Release|Any CPU
	EndGlobalSection
	GlobalSection(SolutionProperties) = preSolution
		HideSolutionNode = FALSE
	EndGlobalSection
	GlobalSection(ExtensibilityGlobals) = postSolution
		SolutionGuid = {CF45D05F-7AD2-46A7-BDD6-AD8751AD3F85}
	EndGlobalSection
EndGlobal
